
Microsoft Visual Studio Solution File, Format Version 12.00
# Visual Studio Version 17
VisualStudioVersion = 17.12.35527.113
MinimumVisualStudioVersion = 10.0.40219.1
Project("{FAE04EC0-301F-11D3-BF4B-00C04F79EFBC}") = "RIntervals", "RIntervals\RIntervals.csproj", "{286A4D32-EF25-4E83-A8D1-A7D18479B0B4}"
EndProject
Project("{2150E333-8FDC-42A3-9474-1A3956D46DE8}") = "Samples", "Samples", "{777118EF-B092-41AC-9D4C-96C6F6A34AE8}"
EndProject
Project("{FAE04EC0-301F-11D3-BF4B-00C04F79EFBC}") = "ConsoleSampleApp", "..\Samples\ConsoleSampleApp\ConsoleSampleApp.csproj", "{D19ABBC9-2EBE-48DF-A697-FE3A9CBBEF25}"
EndProject
Global
	GlobalSection(SolutionConfigurationPlatforms) = preSolution
		Debug|Any CPU = Debug|Any CPU
		Release|Any CPU = Release|Any CPU
	EndGlobalSection
	GlobalSection(ProjectConfigurationPlatforms) = postSolution
		{286A4D32-EF25-4E83-A8D1-A7D18479B0B4}.Debug|Any CPU.ActiveCfg = Debug|Any CPU
		{286A4D32-EF25-4E83-A8D1-A7D18479B0B4}.Debug|Any CPU.Build.0 = Debug|Any CPU
		{286A4D32-EF25-4E83-A8D1-A7D18479B0B4}.Release|Any CPU.ActiveCfg = Release|Any CPU
		{286A4D32-EF25-4E83-A8D1-A7D18479B0B4}.Release|Any CPU.Build.0 = Release|Any CPU
		{D19ABBC9-2EBE-48DF-A697-FE3A9CBBEF25}.Debug|Any CPU.ActiveCfg = Debug|Any CPU
		{D19ABBC9-2EBE-48DF-A697-FE3A9CBBEF25}.Debug|Any CPU.Build.0 = Debug|Any CPU
		{D19ABBC9-2EBE-48DF-A697-FE3A9CBBEF25}.Release|Any CPU.ActiveCfg = Release|Any CPU
		{D19ABBC9-2EBE-48DF-A697-FE3A9CBBEF25}.Release|Any CPU.Build.0 = Release|Any CPU
	EndGlobalSection
	GlobalSection(SolutionProperties) = preSolution
		HideSolutionNode = FALSE
	EndGlobalSection
	GlobalSection(NestedProjects) = preSolution
		{D19ABBC9-2EBE-48DF-A697-FE3A9CBBEF25} = {777118EF-B092-41AC-9D4C-96C6F6A34AE8}
	EndGlobalSection
EndGlobal
